
Microsoft Visual Studio Solution File, Format Version 12.00
# Visual Studio Version 17
VisualStudioVersion = 17.2.32526.322
MinimumVisualStudioVersion = 10.0.40219.1
Project("{FAE04EC0-301F-11D3-BF4B-00C04F79EFBC}") = "modeling Project", "modeling Project\modeling Project.csproj", "{3C900588-0E85-4CF2-9537-ED0AFE1CAA79}"
EndProject
Global
	GlobalSection(SolutionConfigurationPlatforms) = preSolution
		Debug|Any CPU = Debug|Any CPU
		Release|Any CPU = Release|Any CPU
	EndGlobalSection
	GlobalSection(ProjectConfigurationPlatforms) = postSolution
		{3C900588-0E85-4CF2-9537-ED0AFE1CAA79}.Debug|Any CPU.ActiveCfg = Debug|Any CPU
		{3C900588-0E85-4CF2-9537-ED0AFE1CAA79}.Debug|Any CPU.Build.0 = Debug|Any CPU
		{3C900588-0E85-4CF2-9537-ED0AFE1CAA79}.Release|Any CPU.ActiveCfg = Release|Any CPU
		{3C900588-0E85-4CF2-9537-ED0AFE1CAA79}.Release|Any CPU.Build.0 = Release|Any CPU
	EndGlobalSection
	GlobalSection(SolutionProperties) = preSolution
		HideSolutionNode = FALSE
	EndGlobalSection
	GlobalSection(ExtensibilityGlobals) = postSolution
		SolutionGuid = {04CEC489-1443-437D-9C13-E686C4B9B82A}
	EndGlobalSection
EndGlobal
